// !$*UTF8*$!
{
	archiveVersion = 1;
	classes = {
	};
	objectVersion = 52;
	objects = {

/* Begin PBXBuildFile section */
		3D8FC5A225DD6073002103BE /* FloatingActionButtonDemoApp.swift in Sources */ = {isa = PBXBuildFile; fileRef = 3D8FC58F25DD6072002103BE /* FloatingActionButtonDemoApp.swift */; };
		3D8FC5A325DD6073002103BE /* FloatingActionButtonDemoApp.swift in Sources */ = {isa = PBXBuildFile; fileRef = 3D8FC58F25DD6072002103BE /* FloatingActionButtonDemoApp.swift */; };
		3D8FC5A425DD6073002103BE /* ContentView.swift in Sources */ = {isa = PBXBuildFile; fileRef = 3D8FC59025DD6072002103BE /* ContentView.swift */; };
		3D8FC5A525DD6073002103BE /* ContentView.swift in Sources */ = {isa = PBXBuildFile; fileRef = 3D8FC59025DD6072002103BE /* ContentView.swift */; };
		3D8FC5A625DD6073002103BE /* Assets.xcassets in Resources */ = {isa = PBXBuildFile; fileRef = 3D8FC59125DD6073002103BE /* Assets.xcassets */; };
		3D8FC5A725DD6073002103BE /* Assets.xcassets in Resources */ = {isa = PBXBuildFile; fileRef = 3D8FC59125DD6073002103BE /* Assets.xcassets */; };
		3D8FC5B425DD60E8002103BE /* FloatingActionButton in Frameworks */ = {isa = PBXBuildFile; productRef = 3D8FC5B325DD60E8002103BE /* FloatingActionButton */; };
/* End PBXBuildFile section */

/* Begin PBXFileReference section */
		3D8FC58F25DD6072002103BE /* FloatingActionButtonDemoApp.swift */ = {isa = PBXFileReference; lastKnownFileType = sourcecode.swift; path = FloatingActionButtonDemoApp.swift; sourceTree = "<group>"; };
		3D8FC59025DD6072002103BE /* ContentView.swift */ = {isa = PBXFileReference; lastKnownFileType = sourcecode.swift; path = ContentView.swift; sourceTree = "<group>"; };
		3D8FC59125DD6073002103BE /* Assets.xcassets */ = {isa = PBXFileReference; lastKnownFileType = folder.assetcatalog; path = Assets.xcassets; sourceTree = "<group>"; };
		3D8FC59625DD6073002103BE /* FloatingActionButtonDemo.app */ = {isa = PBXFileReference; explicitFileType = wrapper.application; includeInIndex = 0; path = FloatingActionButtonDemo.app; sourceTree = BUILT_PRODUCTS_DIR; };
		3D8FC59925DD6073002103BE /* Info.plist */ = {isa = PBXFileReference; lastKnownFileType = text.plist.xml; path = Info.plist; sourceTree = "<group>"; };
		3D8FC59E25DD6073002103BE /* FloatingActionButtonDemo.app */ = {isa = PBXFileReference; explicitFileType = wrapper.application; includeInIndex = 0; path = FloatingActionButtonDemo.app; sourceTree = BUILT_PRODUCTS_DIR; };
		3D8FC5A025DD6073002103BE /* Info.plist */ = {isa = PBXFileReference; lastKnownFileType = text.plist.xml; path = Info.plist; sourceTree = "<group>"; };
		3D8FC5A125DD6073002103BE /* macOS.entitlements */ = {isa = PBXFileReference; lastKnownFileType = text.plist.entitlements; path = macOS.entitlements; sourceTree = "<group>"; };
/* End PBXFileReference section */

/* Begin PBXFrameworksBuildPhase section */
		3D8FC59325DD6073002103BE /* Frameworks */ = {
			isa = PBXFrameworksBuildPhase;
			buildActionMask = 2147483647;
			files = (
				3D8FC5B425DD60E8002103BE /* FloatingActionButton in Frameworks */,
			);
			runOnlyForDeploymentPostprocessing = 0;
		};
		3D8FC59B25DD6073002103BE /* Frameworks */ = {
			isa = PBXFrameworksBuildPhase;
			buildActionMask = 2147483647;
			files = (
			);
			runOnlyForDeploymentPostprocessing = 0;
		};
/* End PBXFrameworksBuildPhase section */

/* Begin PBXGroup section */
		3D8FC58925DD6071002103BE = {
			isa = PBXGroup;
			children = (
				3D8FC58E25DD6072002103BE /* Shared */,
				3D8FC59825DD6073002103BE /* iOS */,
				3D8FC59F25DD6073002103BE /* macOS */,
				3D8FC59725DD6073002103BE /* Products */,
			);
			sourceTree = "<group>";
		};
		3D8FC58E25DD6072002103BE /* Shared */ = {
			isa = PBXGroup;
			children = (
				3D8FC58F25DD6072002103BE /* FloatingActionButtonDemoApp.swift */,
				3D8FC59025DD6072002103BE /* ContentView.swift */,
				3D8FC59125DD6073002103BE /* Assets.xcassets */,
			);
			path = Shared;
			sourceTree = "<group>";
		};
		3D8FC59725DD6073002103BE /* Products */ = {
			isa = PBXGroup;
			children = (
				3D8FC59625DD6073002103BE /* FloatingActionButtonDemo.app */,
				3D8FC59E25DD6073002103BE /* FloatingActionButtonDemo.app */,
			);
			name = Products;
			sourceTree = "<group>";
		};
		3D8FC59825DD6073002103BE /* iOS */ = {
			isa = PBXGroup;
			children = (
				3D8FC59925DD6073002103BE /* Info.plist */,
			);
			path = iOS;
			sourceTree = "<group>";
		};
		3D8FC59F25DD6073002103BE /* macOS */ = {
			isa = PBXGroup;
			children = (
				3D8FC5A025DD6073002103BE /* Info.plist */,
				3D8FC5A125DD6073002103BE /* macOS.entitlements */,
			);
			path = macOS;
			sourceTree = "<group>";
		};
/* End PBXGroup section */

/* Begin PBXNativeTarget section */
		3D8FC59525DD6073002103BE /* FloatingActionButtonDemo (iOS) */ = {
			isa = PBXNativeTarget;
			buildConfigurationList = 3D8FC5AA25DD6073002103BE /* Build configuration list for PBXNativeTarget "FloatingActionButtonDemo (iOS)" */;
			buildPhases = (
				3D8FC59225DD6073002103BE /* Sources */,
				3D8FC59325DD6073002103BE /* Frameworks */,
				3D8FC59425DD6073002103BE /* Resources */,
			);
			buildRules = (
			);
			dependencies = (
			);
			name = "FloatingActionButtonDemo (iOS)";
			packageProductDependencies = (
				3D8FC5B325DD60E8002103BE /* FloatingActionButton */,
			);
			productName = "FloatingActionButtonDemo (iOS)";
			productReference = 3D8FC59625DD6073002103BE /* FloatingActionButtonDemo.app */;
			productType = "com.apple.product-type.application";
		};
		3D8FC59D25DD6073002103BE /* FloatingActionButtonDemo (macOS) */ = {
			isa = PBXNativeTarget;
			buildConfigurationList = 3D8FC5AD25DD6073002103BE /* Build configuration list for PBXNativeTarget "FloatingActionButtonDemo (macOS)" */;
			buildPhases = (
				3D8FC59A25DD6073002103BE /* Sources */,
				3D8FC59B25DD6073002103BE /* Frameworks */,
				3D8FC59C25DD6073002103BE /* Resources */,
			);
			buildRules = (
			);
			dependencies = (
			);
			name = "FloatingActionButtonDemo (macOS)";
			productName = "FloatingActionButtonDemo (macOS)";
			productReference = 3D8FC59E25DD6073002103BE /* FloatingActionButtonDemo.app */;
			productType = "com.apple.product-type.application";
		};
/* End PBXNativeTarget section */

/* Begin PBXProject section */
		3D8FC58A25DD6071002103BE /* Project object */ = {
			isa = PBXProject;
			attributes = {
				LastSwiftUpdateCheck = 1240;
				LastUpgradeCheck = 1240;
				TargetAttributes = {
					3D8FC59525DD6073002103BE = {
						CreatedOnToolsVersion = 12.4;
					};
					3D8FC59D25DD6073002103BE = {
						CreatedOnToolsVersion = 12.4;
					};
				};
			};
			buildConfigurationList = 3D8FC58D25DD6071002103BE /* Build configuration list for PBXProject "FloatingActionButtonDemo" */;
			compatibilityVersion = "Xcode 9.3";
			developmentRegion = en;
			hasScannedForEncodings = 0;
			knownRegions = (
				en,
				Base,
			);
			mainGroup = 3D8FC58925DD6071002103BE;
			packageReferences = (
				3D8FC5B225DD60E8002103BE /* XCRemoteSwiftPackageReference "FloatingActionButton" */,
			);
			productRefGroup = 3D8FC59725DD6073002103BE /* Products */;
			projectDirPath = "";
			projectRoot = "";
			targets = (
				3D8FC59525DD6073002103BE /* FloatingActionButtonDemo (iOS) */,
				3D8FC59D25DD6073002103BE /* FloatingActionButtonDemo (macOS) */,
			);
		};
/* End PBXProject section */

/* Begin PBXResourcesBuildPhase section */
		3D8FC59425DD6073002103BE /* Resources */ = {
			isa = PBXResourcesBuildPhase;
			buildActionMask = 2147483647;
			files = (
				3D8FC5A625DD6073002103BE /* Assets.xcassets in Resources */,
			);
			runOnlyForDeploymentPostprocessing = 0;
		};
		3D8FC59C25DD6073002103BE /* Resources */ = {
			isa = PBXResourcesBuildPhase;
			buildActionMask = 2147483647;
			files = (
				3D8FC5A725DD6073002103BE /* Assets.xcassets in Resources */,
			);
			runOnlyForDeploymentPostprocessing = 0;
		};
/* End PBXResourcesBuildPhase section */

/* Begin PBXSourcesBuildPhase section */
		3D8FC59225DD6073002103BE /* Sources */ = {
			isa = PBXSourcesBuildPhase;
			buildActionMask = 2147483647;
			files = (
				3D8FC5A425DD6073002103BE /* ContentView.swift in Sources */,
				3D8FC5A225DD6073002103BE /* FloatingActionButtonDemoApp.swift in Sources */,
			);
			runOnlyForDeploymentPostprocessing = 0;
		};
		3D8FC59A25DD6073002103BE /* Sources */ = {
			isa = PBXSourcesBuildPhase;
			buildActionMask = 2147483647;
			files = (
				3D8FC5A525DD6073002103BE /* ContentView.swift in Sources */,
				3D8FC5A325DD6073002103BE /* FloatingActionButtonDemoApp.swift in Sources */,
			);
			runOnlyForDeploymentPostprocessing = 0;
		};
/* End PBXSourcesBuildPhase section */

/* Begin XCBuildConfiguration section */
		3D8FC5A825DD6073002103BE /* Debug */ = {
			isa = XCBuildConfiguration;
			buildSettings = {
				ALWAYS_SEARCH_USER_PATHS = NO;
				CLANG_ANALYZER_NONNULL = YES;
				CLANG_ANALYZER_NUMBER_OBJECT_CONVERSION = YES_AGGRESSIVE;
				CLANG_CXX_LANGUAGE_STANDARD = "gnu++14";
				CLANG_CXX_LIBRARY = "libc++";
				CLANG_ENABLE_MODULES = YES;
				CLANG_ENABLE_OBJC_ARC = YES;
				CLANG_ENABLE_OBJC_WEAK = YES;
				CLANG_WARN_BLOCK_CAPTURE_AUTORELEASING = YES;
				CLANG_WARN_BOOL_CONVERSION = YES;
				CLANG_WARN_COMMA = YES;
				CLANG_WARN_CONSTANT_CONVERSION = YES;
				CLANG_WARN_DEPRECATED_OBJC_IMPLEMENTATIONS = YES;
				CLANG_WARN_DIRECT_OBJC_ISA_USAGE = YES_ERROR;
				CLANG_WARN_DOCUMENTATION_COMMENTS = YES;
				CLANG_WARN_EMPTY_BODY = YES;
				CLANG_WARN_ENUM_CONVERSION = YES;
				CLANG_WARN_INFINITE_RECURSION = YES;
				CLANG_WARN_INT_CONVERSION = YES;
				CLANG_WARN_NON_LITERAL_NULL_CONVERSION = YES;
				CLANG_WARN_OBJC_IMPLICIT_RETAIN_SELF = YES;
				CLANG_WARN_OBJC_LITERAL_CONVERSION = YES;
				CLANG_WARN_OBJC_ROOT_CLASS = YES_ERROR;
				CLANG_WARN_QUOTED_INCLUDE_IN_FRAMEWORK_HEADER = YES;
				CLANG_WARN_RANGE_LOOP_ANALYSIS = YES;
				CLANG_WARN_STRICT_PROTOTYPES = YES;
				CLANG_WARN_SUSPICIOUS_MOVE = YES;
				CLANG_WARN_UNGUARDED_AVAILABILITY = YES_AGGRESSIVE;
				CLANG_WARN_UNREACHABLE_CODE = YES;
				CLANG_WARN__DUPLICATE_METHOD_MATCH = YES;
				COPY_PHASE_STRIP = NO;
				DEBUG_INFORMATION_FORMAT = dwarf;
				ENABLE_STRICT_OBJC_MSGSEND = YES;
				ENABLE_TESTABILITY = YES;
				GCC_C_LANGUAGE_STANDARD = gnu11;
				GCC_DYNAMIC_NO_PIC = NO;
				GCC_NO_COMMON_BLOCKS = YES;
				GCC_OPTIMIZATION_LEVEL = 0;
				GCC_PREPROCESSOR_DEFINITIONS = (
					"DEBUG=1",
					"$(inherited)",
				);
				GCC_WARN_64_TO_32_BIT_CONVERSION = YES;
				GCC_WARN_ABOUT_RETURN_TYPE = YES_ERROR;
				GCC_WARN_UNDECLARED_SELECTOR = YES;
				GCC_WARN_UNINITIALIZED_AUTOS = YES_AGGRESSIVE;
				GCC_WARN_UNUSED_FUNCTION = YES;
				GCC_WARN_UNUSED_VARIABLE = YES;
				IPHONEOS_DEPLOYMENT_TARGET = 14.1;
				MTL_ENABLE_DEBUG_INFO = INCLUDE_SOURCE;
				MTL_FAST_MATH = YES;
				ONLY_ACTIVE_ARCH = YES;
				SWIFT_ACTIVE_COMPILATION_CONDITIONS = DEBUG;
				SWIFT_OPTIMIZATION_LEVEL = "-Onone";
			};
			name = Debug;
		};
		3D8FC5A925DD6073002103BE /* Release */ = {
			isa = XCBuildConfiguration;
			buildSettings = {
				ALWAYS_SEARCH_USER_PATHS = NO;
				CLANG_ANALYZER_NONNULL = YES;
				CLANG_ANALYZER_NUMBER_OBJECT_CONVERSION = YES_AGGRESSIVE;
				CLANG_CXX_LANGUAGE_STANDARD = "gnu++14";
				CLANG_CXX_LIBRARY = "libc++";
				CLANG_ENABLE_MODULES = YES;
				CLANG_ENABLE_OBJC_ARC = YES;
				CLANG_ENABLE_OBJC_WEAK = YES;
				CLANG_WARN_BLOCK_CAPTURE_AUTORELEASING = YES;
				CLANG_WARN_BOOL_CONVERSION = YES;
				CLANG_WARN_COMMA = YES;
				CLANG_WARN_CONSTANT_CONVERSION = YES;
				CLANG_WARN_DEPRECATED_OBJC_IMPLEMENTATIONS = YES;
				CLANG_WARN_DIRECT_OBJC_ISA_USAGE = YES_ERROR;
				CLANG_WARN_DOCUMENTATION_COMMENTS = YES;
				CLANG_WARN_EMPTY_BODY = YES;
				CLANG_WARN_ENUM_CONVERSION = YES;
				CLANG_WARN_INFINITE_RECURSION = YES;
				CLANG_WARN_INT_CONVERSION = YES;
				CLANG_WARN_NON_LITERAL_NULL_CONVERSION = YES;
				CLANG_WARN_OBJC_IMPLICIT_RETAIN_SELF = YES;
				CLANG_WARN_OBJC_LITERAL_CONVERSION = YES;
				CLANG_WARN_OBJC_ROOT_CLASS = YES_ERROR;
				CLANG_WARN_QUOTED_INCLUDE_IN_FRAMEWORK_HEADER = YES;
				CLANG_WARN_RANGE_LOOP_ANALYSIS = YES;
				CLANG_WARN_STRICT_PROTOTYPES = YES;
				CLANG_WARN_SUSPICIOUS_MOVE = YES;
				CLANG_WARN_UNGUARDED_AVAILABILITY = YES_AGGRESSIVE;
				CLANG_WARN_UNREACHABLE_CODE = YES;
				CLANG_WARN__DUPLICATE_METHOD_MATCH = YES;
				COPY_PHASE_STRIP = NO;
				DEBUG_INFORMATION_FORMAT = "dwarf-with-dsym";
				ENABLE_NS_ASSERTIONS = NO;
				ENABLE_STRICT_OBJC_MSGSEND = YES;
				GCC_C_LANGUAGE_STANDARD = gnu11;
				GCC_NO_COMMON_BLOCKS = YES;
				GCC_WARN_64_TO_32_BIT_CONVERSION = YES;
				GCC_WARN_ABOUT_RETURN_TYPE = YES_ERROR;
				GCC_WARN_UNDECLARED_SELECTOR = YES;
				GCC_WARN_UNINITIALIZED_AUTOS = YES_AGGRESSIVE;
				GCC_WARN_UNUSED_FUNCTION = YES;
				GCC_WARN_UNUSED_VARIABLE = YES;
				IPHONEOS_DEPLOYMENT_TARGET = 14.1;
				MTL_ENABLE_DEBUG_INFO = NO;
				MTL_FAST_MATH = YES;
				SWIFT_COMPILATION_MODE = wholemodule;
				SWIFT_OPTIMIZATION_LEVEL = "-O";
			};
			name = Release;
		};
		3D8FC5AB25DD6073002103BE /* Debug */ = {
			isa = XCBuildConfiguration;
			buildSettings = {
				ASSETCATALOG_COMPILER_APPICON_NAME = AppIcon;
				ASSETCATALOG_COMPILER_GLOBAL_ACCENT_COLOR_NAME = AccentColor;
				CODE_SIGN_STYLE = Automatic;
				ENABLE_PREVIEWS = YES;
				INFOPLIST_FILE = iOS/Info.plist;
				IPHONEOS_DEPLOYMENT_TARGET = 14.0;
				LD_RUNPATH_SEARCH_PATHS = (
					"$(inherited)",
					"@executable_path/Frameworks",
				);
				PRODUCT_BUNDLE_IDENTIFIER = org.diego.FloatingActionButtonDemo;
				PRODUCT_NAME = FloatingActionButtonDemo;
				SDKROOT = iphoneos;
				SWIFT_VERSION = 5.0;
				TARGETED_DEVICE_FAMILY = "1,2";
			};
			name = Debug;
		};
		3D8FC5AC25DD6073002103BE /* Release */ = {
			isa = XCBuildConfiguration;
			buildSettings = {
				ASSETCATALOG_COMPILER_APPICON_NAME = AppIcon;
				ASSETCATALOG_COMPILER_GLOBAL_ACCENT_COLOR_NAME = AccentColor;
				CODE_SIGN_STYLE = Automatic;
				ENABLE_PREVIEWS = YES;
				INFOPLIST_FILE = iOS/Info.plist;
				IPHONEOS_DEPLOYMENT_TARGET = 14.0;
				LD_RUNPATH_SEARCH_PATHS = (
					"$(inherited)",
					"@executable_path/Frameworks",
				);
				PRODUCT_BUNDLE_IDENTIFIER = org.diego.FloatingActionButtonDemo;
				PRODUCT_NAME = FloatingActionButtonDemo;
				SDKROOT = iphoneos;
				SWIFT_VERSION = 5.0;
				TARGETED_DEVICE_FAMILY = "1,2";
				VALIDATE_PRODUCT = YES;
			};
			name = Release;
		};
		3D8FC5AE25DD6073002103BE /* Debug */ = {
			isa = XCBuildConfiguration;
			buildSettings = {
				ASSETCATALOG_COMPILER_APPICON_NAME = AppIcon;
				ASSETCATALOG_COMPILER_GLOBAL_ACCENT_COLOR_NAME = AccentColor;
				CODE_SIGN_ENTITLEMENTS = macOS/macOS.entitlements;
				CODE_SIGN_STYLE = Automatic;
				COMBINE_HIDPI_IMAGES = YES;
				ENABLE_PREVIEWS = YES;
				INFOPLIST_FILE = macOS/Info.plist;
				LD_RUNPATH_SEARCH_PATHS = (
					"$(inherited)",
					"@executable_path/../Frameworks",
				);
				MACOSX_DEPLOYMENT_TARGET = 11.0;
				PRODUCT_BUNDLE_IDENTIFIER = org.diego.FloatingActionButtonDemo;
				PRODUCT_NAME = FloatingActionButtonDemo;
				SDKROOT = macosx;
				SWIFT_VERSION = 5.0;
			};
			name = Debug;
		};
		3D8FC5AF25DD6073002103BE /* Release */ = {
			isa = XCBuildConfiguration;
			buildSettings = {
				ASSETCATALOG_COMPILER_APPICON_NAME = AppIcon;
				ASSETCATALOG_COMPILER_GLOBAL_ACCENT_COLOR_NAME = AccentColor;
				CODE_SIGN_ENTITLEMENTS = macOS/macOS.entitlements;
				CODE_SIGN_STYLE = Automatic;
				COMBINE_HIDPI_IMAGES = YES;
				ENABLE_PREVIEWS = YES;
				INFOPLIST_FILE = macOS/Info.plist;
				LD_RUNPATH_SEARCH_PATHS = (
					"$(inherited)",
					"@executable_path/../Frameworks",
				);
				MACOSX_DEPLOYMENT_TARGET = 11.0;
				PRODUCT_BUNDLE_IDENTIFIER = org.diego.FloatingActionButtonDemo;
				PRODUCT_NAME = FloatingActionButtonDemo;
				SDKROOT = macosx;
				SWIFT_VERSION = 5.0;
			};
			name = Release;
		};
/* End XCBuildConfiguration section */

/* Begin XCConfigurationList section */
		3D8FC58D25DD6071002103BE /* Build configuration list for PBXProject "FloatingActionButtonDemo" */ = {
			isa = XCConfigurationList;
			buildConfigurations = (
				3D8FC5A825DD6073002103BE /* Debug */,
				3D8FC5A925DD6073002103BE /* Release */,
			);
			defaultConfigurationIsVisible = 0;
			defaultConfigurationName = Release;
		};
		3D8FC5AA25DD6073002103BE /* Build configuration list for PBXNativeTarget "FloatingActionButtonDemo (iOS)" */ = {
			isa = XCConfigurationList;
			buildConfigurations = (
				3D8FC5AB25DD6073002103BE /* Debug */,
				3D8FC5AC25DD6073002103BE /* Release */,
			);
			defaultConfigurationIsVisible = 0;
			defaultConfigurationName = Release;
		};
		3D8FC5AD25DD6073002103BE /* Build configuration list for PBXNativeTarget "FloatingActionButtonDemo (macOS)" */ = {
			isa = XCConfigurationList;
			buildConfigurations = (
				3D8FC5AE25DD6073002103BE /* Debug */,
				3D8FC5AF25DD6073002103BE /* Release */,
			);
			defaultConfigurationIsVisible = 0;
			defaultConfigurationName = Release;
		};
/* End XCConfigurationList section */

/* Begin XCRemoteSwiftPackageReference section */
		3D8FC5B225DD60E8002103BE /* XCRemoteSwiftPackageReference "FloatingActionButton" */ = {
			isa = XCRemoteSwiftPackageReference;
			repositoryURL = "https://github.com/dougdiego/FloatingActionButton";
			requirement = {
				kind = upToNextMajorVersion;
				minimumVersion = 0.0.1;
			};
		};
/* End XCRemoteSwiftPackageReference section */

/* Begin XCSwiftPackageProductDependency section */
		3D8FC5B325DD60E8002103BE /* FloatingActionButton */ = {
			isa = XCSwiftPackageProductDependency;
			package = 3D8FC5B225DD60E8002103BE /* XCRemoteSwiftPackageReference "FloatingActionButton" */;
			productName = FloatingActionButton;
		};
/* End XCSwiftPackageProductDependency section */
	};
	rootObject = 3D8FC58A25DD6071002103BE /* Project object */;
}
